
Microsoft Visual Studio Solution File, Format Version 12.00
# Visual Studio Version 16
VisualStudioVersion = 16.0.30711.63
MinimumVisualStudioVersion = 10.0.40219.1
Project("{9A19103F-16F7-4668-BE54-9A1E7A4F7556}") = "IdiomsService", "IdiomsService\IdiomsService.csproj", "{B3258B2D-C8E8-40ED-8615-0BBC3C3241A9}"
EndProject
Global
	GlobalSection(SolutionConfigurationPlatforms) = preSolution
		Debug|Any CPU = Debug|Any CPU
		Release|Any CPU = Release|Any CPU
	EndGlobalSection
	GlobalSection(ProjectConfigurationPlatforms) = postSolution
		{B3258B2D-C8E8-40ED-8615-0BBC3C3241A9}.Debug|Any CPU.ActiveCfg = Debug|Any CPU
		{B3258B2D-C8E8-40ED-8615-0BBC3C3241A9}.Debug|Any CPU.Build.0 = Debug|Any CPU
		{B3258B2D-C8E8-40ED-8615-0BBC3C3241A9}.Release|Any CPU.ActiveCfg = Release|Any CPU
		{B3258B2D-C8E8-40ED-8615-0BBC3C3241A9}.Release|Any CPU.Build.0 = Release|Any CPU
	EndGlobalSection
	GlobalSection(SolutionProperties) = preSolution
		HideSolutionNode = FALSE
	EndGlobalSection
	GlobalSection(ExtensibilityGlobals) = postSolution
		SolutionGuid = {2A19EA5B-B4E4-4684-81CC-0EC446241FD8}
	EndGlobalSection
EndGlobal
